<?xml version="1.0" encoding="utf-8"?>
<Project ToolsVersion="4.0" xmlns="http://schemas.microsoft.com/developer/msbuild/2003">
  <ItemGroup>
    <Filter Include="Source Files">
      <UniqueIdentifier>{4FC737F1-C7A5-4376-A066-2A32D752A2FF}</UniqueIdentifier>
      <Extensions>cpp;c;cc;cxx;c++;cppm;ixx;def;odl;idl;hpj;bat;asm;asmx</Extensions>
    </Filter>
    <Filter Include="Header Files">
      <UniqueIdentifier>{93995380-89BD-4b04-88EB-625FBE52EBFB}</UniqueIdentifier>
      <Extensions>h;hh;hpp;hxx;h++;hm;inl;inc;ipp;xsd</Extensions>
    </Filter>
    <Filter Include="Resource Files">
      <UniqueIdentifier>{67DA6AB6-F800-4c08-8B7A-83BB121AAD01}</UniqueIdentifier>
      <Extensions>rc;ico;cur;bmp;dlg;rc2;rct;bin;rgs;gif;jpg;jpeg;jpe;resx;tiff;tif;png;wav;mfcribbon-ms</Extensions>
    </Filter>
  </ItemGroup>
  <ItemGroup>
    <ClCompile Include="osu! overlay.cpp">
      <Filter>Source Files</Filter>
    </ClCompile>
    <ClCompile Include="UICore\Components\Base\Button.cpp">
      <Filter>Source Files</Filter>
    </ClCompile>
    <ClCompile Include="UICore\Components\Base\Checkbox.cpp">
      <Filter>Source Files</Filter>
    </ClCompile>
    <ClCompile Include="UICore\Components\Base\ComponentBase.cpp">
      <Filter>Source Files</Filter>
    </ClCompile>
    <ClCompile Include="UICore\Components\Base\Label.cpp">
      <Filter>Source Files</Filter>
    </ClCompile>
    <ClCompile Include="UICore\Components\Base\MenuItem.cpp">
      <Filter>Source Files</Filter>
    </ClCompile>
    <ClCompile Include="UICore\Components\Base\MenuPanel.cpp">
      <Filter>Source Files</Filter>
    </ClCompile>
    <ClCompile Include="UICore\Components\Base\TextInput.cpp">
      <Filter>Source Files</Filter>
    </ClCompile>
    <ClCompile Include="UICore\D2DEffects\TintEffect.cpp">
      <Filter>Source Files</Filter>
    </ClCompile>
    <ClCompile Include="UICore\Helper\ResourceManager.cpp">
      <Filter>Source Files</Filter>
    </ClCompile>
    <ClCompile Include="UICore\Helper\StringHelper.cpp">
      <Filter>Source Files</Filter>
    </ClCompile>
    <ClCompile Include="UICore\Helper\Time.cpp">
      <Filter>Source Files</Filter>
    </ClCompile>
    <ClCompile Include="UICore\Scenes\ContextMenuScene.cpp">
      <Filter>Source Files</Filter>
    </ClCompile>
    <ClCompile Include="UICore\Scenes\DefaultNonClientAreaScene.cpp">
      <Filter>Source Files</Filter>
    </ClCompile>
    <ClCompile Include="UICore\Scenes\DefaultTitleBarScene.cpp">
      <Filter>Source Files</Filter>
    </ClCompile>
    <ClCompile Include="UICore\Scenes\EntryScene.cpp">
      <Filter>Source Files</Filter>
    </ClCompile>
    <ClCompile Include="UICore\Scenes\Scene.cpp">
      <Filter>Source Files</Filter>
    </ClCompile>
    <ClCompile Include="UICore\Scenes\TestScene.cpp">
      <Filter>Source Files</Filter>
    </ClCompile>
    <ClCompile Include="UICore\Scenes\TooltipScene.cpp">
      <Filter>Source Files</Filter>
    </ClCompile>
    <ClCompile Include="UICore\Window\Window.cpp">
      <Filter>Source Files</Filter>
    </ClCompile>
    <ClCompile Include="UICore\Window\WindowBackend.cpp">
      <Filter>Source Files</Filter>
    </ClCompile>
    <ClCompile Include="UICore\Window\WindowGraphics.cpp">
      <Filter>Source Files</Filter>
    </ClCompile>
    <ClCompile Include="UICore\App.cpp">
      <Filter>Source Files</Filter>
    </ClCompile>
    <ClCompile Include="Shared\Util\Functions.cpp">
      <Filter>Source Files</Filter>
    </ClCompile>
    <ClCompile Include="Shared\Util\Navigation.cpp">
      <Filter>Source Files</Filter>
    </ClCompile>
    <ClCompile Include="UICore\Components\Base\FlexPanel.cpp">
      <Filter>Source Files</Filter>
    </ClCompile>
    <ClCompile Include="UICore\Components\Base\NumberInput.cpp">
      <Filter>Source Files</Filter>
    </ClCompile>
    <ClCompile Include="UICore\Components\Base\ScrollPanel.cpp">
      <Filter>Source Files</Filter>
    </ClCompile>
    <ClCompile Include="UICore\Components\Base\KeySelector.cpp">
      <Filter>Source Files</Filter>
    </ClCompile>
    <ClCompile Include="UICore\Components\Base\Slider.cpp">
      <Filter>Source Files</Filter>
    </ClCompile>
    <ClCompile Include="OsuDataProvider\DataProviderSetupScene.cpp">
      <Filter>Source Files</Filter>
    </ClCompile>
    <ClCompile Include="OsuDataProvider\easywsclient.cpp">
      <Filter>Source Files</Filter>
    </ClCompile>
    <ClCompile Include="OsuDataProvider\GameState.cpp">
      <Filter>Source Files</Filter>
    </ClCompile>
    <ClCompile Include="UICore\Helper\Config.cpp">
      <Filter>Source Files</Filter>
    </ClCompile>
    <ClCompile Include="UICore\Components\Base\Toggle.cpp">
      <Filter>Source Files</Filter>
    </ClCompile>
    <ClCompile Include="Overlays\OverlayManager.cpp">
      <Filter>Source Files</Filter>
    </ClCompile>
    <ClCompile Include="Overlays\OverlayScene.cpp">
      <Filter>Source Files</Filter>
    </ClCompile>
    <ClCompile Include="Overlays\OverlayView.cpp">
      <Filter>Source Files</Filter>
    </ClCompile>
    <ClCompile Include="Overlays\combo-counter\ComboCounterOverlay.cpp">
      <Filter>Source Files</Filter>
    </ClCompile>
    <ClCompile Include="Overlays\combo-counter\ComboCounterOverlayComponent.cpp">
      <Filter>Source Files</Filter>
    </ClCompile>
    <ClCompile Include="Overlays\combo-counter\ComboCounterSetupComponent.cpp">
      <Filter>Source Files</Filter>
    </ClCompile>
    <ClCompile Include="Overlays\cursor-trail\CursorTrailEffect.cpp">
      <Filter>Source Files</Filter>
    </ClCompile>
    <ClCompile Include="Overlays\cursor-trail\CursorTrailOverlay.cpp">
      <Filter>Source Files</Filter>
    </ClCompile>
    <ClCompile Include="Overlays\cursor-trail\CursorTrailOverlayComponent.cpp">
      <Filter>Source Files</Filter>
    </ClCompile>
    <ClCompile Include="Overlays\cursor-trail\CursorTrailSetupComponent.cpp">
      <Filter>Source Files</Filter>
    </ClCompile>
    <ClCompile Include="Overlays\pp-counter\PPCounterOverlay.cpp">
      <Filter>Source Files</Filter>
    </ClCompile>
    <ClCompile Include="Overlays\pp-counter\PPCounterOverlayComponent.cpp">
      <Filter>Source Files</Filter>
    </ClCompile>
    <ClCompile Include="Overlays\pp-counter\PPCounterSetupComponent.cpp">
      <Filter>Source Files</Filter>
    </ClCompile>
    <ClCompile Include="Overlays\rt-leaderboard\RTLeaderboardOverlay.cpp">
      <Filter>Source Files</Filter>
    </ClCompile>
    <ClCompile Include="Overlays\rt-leaderboard\RTLeaderboardOverlayComponent.cpp">
      <Filter>Source Files</Filter>
    </ClCompile>
    <ClCompile Include="Overlays\rt-leaderboard\RTLeaderboardSetupComponent.cpp">
      <Filter>Source Files</Filter>
    </ClCompile>
    <ClCompile Include="Overlays\smoke-sim\enhanced-smoke\EnhancedSmokeOverlay.cpp">
      <Filter>Source Files</Filter>
    </ClCompile>
    <ClCompile Include="Overlays\smoke-sim\enhanced-smoke\EnhancedSmokeSetupComponent.cpp">
      <Filter>Source Files</Filter>
    </ClCompile>
    <ClCompile Include="Overlays\smoke-sim\smoke-trail\SmokeTrailOverlay.cpp">
      <Filter>Source Files</Filter>
    </ClCompile>
    <ClCompile Include="Overlays\smoke-sim\smoke-trail\SmokeTrailSetupComponent.cpp">
      <Filter>Source Files</Filter>
    </ClCompile>
    <ClCompile Include="Overlays\smoke-sim\SmokeSimOverlayComponent.cpp">
      <Filter>Source Files</Filter>
    </ClCompile>
    <ClCompile Include="Overlays\ur-counter\URCounterOverlay.cpp">
      <Filter>Source Files</Filter>
    </ClCompile>
    <ClCompile Include="Overlays\ur-counter\URCounterOverlayComponent.cpp">
      <Filter>Source Files</Filter>
    </ClCompile>
    <ClCompile Include="Overlays\ur-counter\URCounterSetupComponent.cpp">
      <Filter>Source Files</Filter>
    </ClCompile>
    <ClCompile Include="notification\NotificationDisplayComponent.cpp">
      <Filter>Source Files</Filter>
    </ClCompile>
    <ClCompile Include="notification\NotificationService.cpp">
      <Filter>Source Files</Filter>
    </ClCompile>
    <ClCompile Include="notification\StandardNotificationTemplate.cpp">
      <Filter>Source Files</Filter>
    </ClCompile>
    <ClCompile Include="OsuDataProvider\DataProviderView.cpp">
      <Filter>Source Files</Filter>
    </ClCompile>
    <ClCompile Include="Settings\IntegrationSettingsPanel.cpp">
      <Filter>Source Files</Filter>
    </ClCompile>
    <ClCompile Include="Settings\OverlaySettingsPanel.cpp">
      <Filter>Source Files</Filter>
    </ClCompile>
    <ClCompile Include="Settings\SettingsScene.cpp">
      <Filter>Source Files</Filter>
    </ClCompile>
    <ClCompile Include="Settings\SettingsWindowController.cpp">
      <Filter>Source Files</Filter>
    </ClCompile>
    <ClCompile Include="Settings\UpdateSettingsPanel.cpp">
      <Filter>Source Files</Filter>
    </ClCompile>
    <ClCompile Include="versioning\UpdateErrorScene.cpp">
      <Filter>Source Files</Filter>
    </ClCompile>
    <ClCompile Include="versioning\VersionManager.cpp">
      <Filter>Source Files</Filter>
    </ClCompile>
    <ClCompile Include="UICore\Fonts\FontLoader.cpp">
      <Filter>Source Files</Filter>
    </ClCompile>
    <ClCompile Include="UICore\Window\BitmapAllocator.cpp">
      <Filter>Source Files</Filter>
    </ClCompile>
    <ClCompile Include="UICore\Window\Effects.cpp">
      <Filter>Source Files</Filter>
    </ClCompile>
    <ClCompile Include="UICore\Window\Graphics.cpp">
      <Filter>Source Files</Filter>
    </ClCompile>
    <ClCompile Include="UICore\Window\SegmentedBitmapAllocator.cpp">
      <Filter>Source Files</Filter>
    </ClCompile>
    <ClCompile Include="UICore\Window\TextRenderContext.cpp">
      <Filter>Source Files</Filter>
    </ClCompile>
    <ClCompile Include="UICore\Scenes\ColorSelectorScene.cpp">
      <Filter>Source Files</Filter>
    </ClCompile>
    <ClCompile Include="UICore\Scenes\DebugWindowScene.cpp">
      <Filter>Source Files</Filter>
    </ClCompile>
    <ClCompile Include="UICore\Components\Base\ColorSelector.cpp">
      <Filter>Source Files</Filter>
    </ClCompile>
    <ClCompile Include="UICore\Components\Base\DropdownSelector.cpp">
      <Filter>Source Files</Filter>
    </ClCompile>
    <ClCompile Include="UICore\Components\Base\Panel.cpp">
      <Filter>Source Files</Filter>
    </ClCompile>
    <ClCompile Include="UICore\Components\ComHelper.cpp">
      <Filter>Source Files</Filter>
    </ClCompile>
    <ClCompile Include="UICore\Helper\Value.cpp">
      <Filter>Source Files</Filter>
    </ClCompile>
    <ClCompile Include="Shared\Components\OverlayLayoutSetup.cpp">
      <Filter>Source Files</Filter>
    </ClCompile>
    <ClCompile Include="Shared\Scenes\TitleBarScene.cpp">
      <Filter>Source Files</Filter>
    </ClCompile>
    <ClCompile Include="system\GPUDetector.cpp">
      <Filter>Source Files</Filter>
    </ClCompile>
    <ClCompile Include="Shared\Components\CursorSensitivitySetup.cpp">
      <Filter>Source Files</Filter>
    </ClCompile>
  </ItemGroup>
  <ItemGroup>
    <ClInclude Include="UICore\Components\Base\Button.h">
      <Filter>Header Files</Filter>
    </ClInclude>
    <ClInclude Include="UICore\Components\Base\Checkbox.h">
      <Filter>Header Files</Filter>
    </ClInclude>
    <ClInclude Include="UICore\Components\Base\ComponentBase.h">
      <Filter>Header Files</Filter>
    </ClInclude>
    <ClInclude Include="UICore\Components\Base\Dummy.h">
      <Filter>Header Files</Filter>
    </ClInclude>
    <ClInclude Include="UICore\Components\Base\Image.h">
      <Filter>Header Files</Filter>
    </ClInclude>
    <ClInclude Include="UICore\Components\Base\Label.h">
      <Filter>Header Files</Filter>
    </ClInclude>
    <ClInclude Include="UICore\Components\Base\MenuItem.h">
      <Filter>Header Files</Filter>
    </ClInclude>
    <ClInclude Include="UICore\Components\Base\MenuPanel.h">
      <Filter>Header Files</Filter>
    </ClInclude>
    <ClInclude Include="UICore\Components\Base\MenuTemplate.h">
      <Filter>Header Files</Filter>
    </ClInclude>
    <ClInclude Include="UICore\Components\Base\NumberInput.h">
      <Filter>Header Files</Filter>
    </ClInclude>
    <ClInclude Include="UICore\Components\Base\Panel.h">
      <Filter>Header Files</Filter>
    </ClInclude>
    <ClInclude Include="UICore\Components\Base\TextInput.h">
      <Filter>Header Files</Filter>
    </ClInclude>
    <ClInclude Include="UICore\Components\Custom\DitheredBackground.h">
      <Filter>Header Files</Filter>
    </ClInclude>
    <ClInclude Include="UICore\Components\ComHelper.h">
      <Filter>Header Files</Filter>
    </ClInclude>
    <ClInclude Include="UICore\D2DEffects\TintEffect.h">
      <Filter>Header Files</Filter>
    </ClInclude>
    <ClInclude Include="UICore\Helper\decimal.h">
      <Filter>Header Files</Filter>
    </ClInclude>
    <ClInclude Include="UICore\Helper\EventEmitter.h">
      <Filter>Header Files</Filter>
    </ClInclude>
    <ClInclude Include="UICore\Helper\EventSubscription.h">
      <Filter>Header Files</Filter>
    </ClInclude>
    <ClInclude Include="UICore\Helper\Handle.h">
      <Filter>Header Files</Filter>
    </ClInclude>
    <ClInclude Include="UICore\Helper\MiscUtils.h">
      <Filter>Header Files</Filter>
    </ClInclude>
    <ClInclude Include="UICore\Helper\ResourceManager.h">
      <Filter>Header Files</Filter>
    </ClInclude>
    <ClInclude Include="UICore\Helper\StringHelper.h">
      <Filter>Header Files</Filter>
    </ClInclude>
    <ClInclude Include="UICore\Helper\Time.h">
      <Filter>Header Files</Filter>
    </ClInclude>
    <ClInclude Include="UICore\Scenes\ContextMenuScene.h">
      <Filter>Header Files</Filter>
    </ClInclude>
    <ClInclude Include="UICore\Scenes\DefaultNonClientAreaScene.h">
      <Filter>Header Files</Filter>
    </ClInclude>
    <ClInclude Include="UICore\Scenes\DefaultTitleBarScene.h">
      <Filter>Header Files</Filter>
    </ClInclude>
    <ClInclude Include="UICore\Scenes\EntryScene.h">
      <Filter>Header Files</Filter>
    </ClInclude>
    <ClInclude Include="UICore\Scenes\Scene.h">
      <Filter>Header Files</Filter>
    </ClInclude>
    <ClInclude Include="UICore\Scenes\TestScene.h">
      <Filter>Header Files</Filter>
    </ClInclude>
    <ClInclude Include="UICore\Scenes\TooltipParams.h">
      <Filter>Header Files</Filter>
    </ClInclude>
    <ClInclude Include="UICore\Scenes\TooltipScene.h">
      <Filter>Header Files</Filter>
    </ClInclude>
    <ClInclude Include="UICore\Window\CursorIcon.h">
      <Filter>Header Files</Filter>
    </ClInclude>
    <ClInclude Include="UICore\Window\DragDropEventHandler.h">
      <Filter>Header Files</Filter>
    </ClInclude>
    <ClInclude Include="UICore\Window\FileDropHandler.h">
      <Filter>Header Files</Filter>
    </ClInclude>
    <ClInclude Include="UICore\Window\GdiInclude.h">
      <Filter>Header Files</Filter>
    </ClInclude>
    <ClInclude Include="UICore\Window\Graphics.h">
      <Filter>Header Files</Filter>
    </ClInclude>
    <ClInclude Include="UICore\Window\KeyboardEventHandler.h">
      <Filter>Header Files</Filter>
    </ClInclude>
    <ClInclude Include="UICore\Window\KeyboardManager.h">
      <Filter>Header Files</Filter>
    </ClInclude>
    <ClInclude Include="UICore\Window\MouseEventHandler.h">
      <Filter>Header Files</Filter>
    </ClInclude>
    <ClInclude Include="UICore\Window\MouseManager.h">
      <Filter>Header Files</Filter>
    </ClInclude>
    <ClInclude Include="UICore\Window\Window.h">
      <Filter>Header Files</Filter>
    </ClInclude>
    <ClInclude Include="UICore\Window\WindowBackend.h">
      <Filter>Header Files</Filter>
    </ClInclude>
    <ClInclude Include="UICore\Window\WindowDisplayType.h">
      <Filter>Header Files</Filter>
    </ClInclude>
    <ClInclude Include="UICore\Window\WindowGraphics.h">
      <Filter>Header Files</Filter>
    </ClInclude>
    <ClInclude Include="UICore\Window\WindowId.h">
      <Filter>Header Files</Filter>
    </ClInclude>
    <ClInclude Include="UICore\Window\WindowMessage.h">
      <Filter>Header Files</Filter>
    </ClInclude>
    <ClInclude Include="UICore\Window\WindowProperties.h">
      <Filter>Header Files</Filter>
    </ClInclude>
    <ClInclude Include="UICore\Window\WindowsEx.h">
      <Filter>Header Files</Filter>
    </ClInclude>
    <ClInclude Include="UICore\Window\WindowType.h">
      <Filter>Header Files</Filter>
    </ClInclude>
    <ClInclude Include="UICore\App.h">
      <Filter>Header Files</Filter>
    </ClInclude>
    <ClInclude Include="SmokeSim\SmokeSimScene.h">
      <Filter>Header Files</Filter>
    </ClInclude>
    <ClInclude Include="Shared\Util\ThreadPool.h">
      <Filter>Header Files</Filter>
    </ClInclude>
    <ClInclude Include="Shared\Util\Functions.h">
      <Filter>Header Files</Filter>
    </ClInclude>
    <ClInclude Include="Shared\Util\Navigation.h">
      <Filter>Header Files</Filter>
    </ClInclude>
    <ClInclude Include="Shared\Util\Constants.h">
      <Filter>Header Files</Filter>
    </ClInclude>
    <ClInclude Include="SmokeSim\SmokeSimParameterPanel.h">
      <Filter>Header Files</Filter>
    </ClInclude>
    <ClInclude Include="SmokeSim\SmokeSimType.h">
      <Filter>Header Files</Filter>
    </ClInclude>
    <ClInclude Include="UICore\Components\Base\FlexPanel.h">
      <Filter>Header Files</Filter>
    </ClInclude>
    <ClInclude Include="UICore\Components\Base\ScrollPanel.h">
      <Filter>Header Files</Filter>
    </ClInclude>
    <ClInclude Include="UICore\Components\Base\Dummy.h">
      <Filter>Header Files</Filter>
    </ClInclude>
    <ClInclude Include="UICore\Components\Base\KeySelector.h">
      <Filter>Header Files</Filter>
    </ClInclude>
    <ClInclude Include="UICore\Components\Base\Slider.h">
      <Filter>Header Files</Filter>
    </ClInclude>
    <ClInclude Include="UICore\Helper\BinarySearchIterator.h">
      <Filter>Header Files</Filter>
    </ClInclude>
    <ClInclude Include="FontLoader\Common.h">
      <Filter>Header Files</Filter>
    </ClInclude>
    <ClInclude Include="FontLoader\FontLoader.h">
      <Filter>Header Files</Filter>
    </ClInclude>
    <ClInclude Include="OsuDataProvider\Context.h">
      <Filter>Header Files</Filter>
    </ClInclude>
    <ClInclude Include="OsuDataProvider\DataProvider.h">
      <Filter>Header Files</Filter>
    </ClInclude>
    <ClInclude Include="OsuDataProvider\DataProviderConfig.h">
      <Filter>Header Files</Filter>
    </ClInclude>
    <ClInclude Include="OsuDataProvider\DataProviderSetupScene.h">
      <Filter>Header Files</Filter>
    </ClInclude>
    <ClInclude Include="OsuDataProvider\easywsclient.hpp">
      <Filter>Header Files</Filter>
    </ClInclude>
    <ClInclude Include="OsuDataProvider\GameState.h">
      <Filter>Header Files</Filter>
    </ClInclude>
    <ClInclude Include="OsuDataProvider\json.hpp">
      <Filter>Header Files</Filter>
    </ClInclude>
    <ClInclude Include="OsuDataProvider\WsClientWrapper.h">
      <Filter>Header Files</Filter>
    </ClInclude>
    <ClInclude Include="Shared\Util\Streams.h">
      <Filter>Header Files</Filter>
    </ClInclude>
    <ClInclude Include="Shared\Styles\Styles.h">
      <Filter>Header Files</Filter>
    </ClInclude>
    <ClInclude Include="Shared\Components\ColorSliderInputGroup.h">
      <Filter>Header Files</Filter>
    </ClInclude>
    <ClInclude Include="Shared\Components\LoadingAnimation.h">
      <Filter>Header Files</Filter>
    </ClInclude>
    <ClInclude Include="Shared\Components\NumberParameterInput.h">
      <Filter>Header Files</Filter>
    </ClInclude>
    <ClInclude Include="Shared\Components\SectionHeader.h">
      <Filter>Header Files</Filter>
    </ClInclude>
    <ClInclude Include="UICore\Helper\Config.h">
      <Filter>Header Files</Filter>
    </ClInclude>
    <ClInclude Include="UICore\Helper\ConfigValue.h">
      <Filter>Header Files</Filter>
    </ClInclude>
    <ClInclude Include="SmokeSim\SmokeSimConfig.h">
      <Filter>Header Files</Filter>
    </ClInclude>
    <ClInclude Include="SmokeSim\SmokeSimParams.h">
      <Filter>Header Files</Filter>
    </ClInclude>
    <ClInclude Include="UICore\Components\Base\Toggle.h">
      <Filter>Header Files</Filter>
    </ClInclude>
    <ClInclude Include="UICore\Helper\AnimationHelper.h">
      <Filter>Header Files</Filter>
    </ClInclude>
    <ClInclude Include="UICore\Helper\CollectionsHelper.h">
      <Filter>Header Files</Filter>
    </ClInclude>
    <ClInclude Include="UICore\Window\ResizeFlags.h">
      <Filter>Header Files</Filter>
    </ClInclude>
    <ClInclude Include="Overlays\Overlay.h">
      <Filter>Header Files</Filter>
    </ClInclude>
    <ClInclude Include="Overlays\OverlayConfig.h">
      <Filter>Header Files</Filter>
    </ClInclude>
    <ClInclude Include="Overlays\OverlayEvent.h">
      <Filter>Header Files</Filter>
    </ClInclude>
    <ClInclude Include="Overlays\OverlayManager.h">
      <Filter>Header Files</Filter>
    </ClInclude>
    <ClInclude Include="Overlays\OverlayScene.h">
      <Filter>Header Files</Filter>
    </ClInclude>
    <ClInclude Include="Overlays\OverlayView.h">
      <Filter>Header Files</Filter>
    </ClInclude>
    <ClInclude Include="Overlays\combo-counter\ComboCounterConfig.h">
      <Filter>Header Files</Filter>
    </ClInclude>
    <ClInclude Include="Overlays\combo-counter\ComboCounterOverlay.h">
      <Filter>Header Files</Filter>
    </ClInclude>
    <ClInclude Include="Overlays\combo-counter\ComboCounterOverlayComponent.h">
      <Filter>Header Files</Filter>
    </ClInclude>
    <ClInclude Include="Overlays\combo-counter\ComboCounterSetupComponent.h">
      <Filter>Header Files</Filter>
    </ClInclude>
    <ClInclude Include="Overlays\cursor-trail\CursorTrailConfig.h">
      <Filter>Header Files</Filter>
    </ClInclude>
    <ClInclude Include="Overlays\cursor-trail\CursorTrailEffect.h">
      <Filter>Header Files</Filter>
    </ClInclude>
    <ClInclude Include="Overlays\cursor-trail\CursorTrailOverlay.h">
      <Filter>Header Files</Filter>
    </ClInclude>
    <ClInclude Include="Overlays\cursor-trail\CursorTrailOverlayComponent.h">
      <Filter>Header Files</Filter>
    </ClInclude>
    <ClInclude Include="Overlays\cursor-trail\CursorTrailSetupComponent.h">
      <Filter>Header Files</Filter>
    </ClInclude>
    <ClInclude Include="Overlays\pp-counter\PPCounterConfig.h">
      <Filter>Header Files</Filter>
    </ClInclude>
    <ClInclude Include="Overlays\pp-counter\PPCounterOverlay.h">
      <Filter>Header Files</Filter>
    </ClInclude>
    <ClInclude Include="Overlays\pp-counter\PPCounterOverlayComponent.h">
      <Filter>Header Files</Filter>
    </ClInclude>
    <ClInclude Include="Overlays\pp-counter\PPCounterSetupComponent.h">
      <Filter>Header Files</Filter>
    </ClInclude>
    <ClInclude Include="Overlays\rt-leaderboard\LeaderboardCountries.h">
      <Filter>Header Files</Filter>
    </ClInclude>
    <ClInclude Include="Overlays\rt-leaderboard\LeaderboardItem.h">
      <Filter>Header Files</Filter>
    </ClInclude>
    <ClInclude Include="Overlays\rt-leaderboard\RTLeaderboardConfig.h">
      <Filter>Header Files</Filter>
    </ClInclude>
    <ClInclude Include="Overlays\rt-leaderboard\RTLeaderboardOverlay.h">
      <Filter>Header Files</Filter>
    </ClInclude>
    <ClInclude Include="Overlays\rt-leaderboard\RTLeaderboardOverlayComponent.h">
      <Filter>Header Files</Filter>
    </ClInclude>
    <ClInclude Include="Overlays\rt-leaderboard\RTLeaderboardSetupComponent.h">
      <Filter>Header Files</Filter>
    </ClInclude>
    <ClInclude Include="Overlays\smoke-sim\enhanced-smoke\EnhancedSmokeConfig.h">
      <Filter>Header Files</Filter>
    </ClInclude>
    <ClInclude Include="Overlays\smoke-sim\enhanced-smoke\EnhancedSmokeOverlay.h">
      <Filter>Header Files</Filter>
    </ClInclude>
    <ClInclude Include="Overlays\smoke-sim\enhanced-smoke\EnhancedSmokeSetupComponent.h">
      <Filter>Header Files</Filter>
    </ClInclude>
    <ClInclude Include="Overlays\smoke-sim\smoke-trail\SmokeTrailConfig.h">
      <Filter>Header Files</Filter>
    </ClInclude>
    <ClInclude Include="Overlays\smoke-sim\smoke-trail\SmokeTrailOverlay.h">
      <Filter>Header Files</Filter>
    </ClInclude>
    <ClInclude Include="Overlays\smoke-sim\smoke-trail\SmokeTrailSetupComponent.h">
      <Filter>Header Files</Filter>
    </ClInclude>
    <ClInclude Include="Overlays\smoke-sim\SmokeSimOverlayComponent.h">
      <Filter>Header Files</Filter>
    </ClInclude>
    <ClInclude Include="Overlays\smoke-sim\SmokeSimParams.h">
      <Filter>Header Files</Filter>
    </ClInclude>
    <ClInclude Include="Overlays\smoke-sim\SmokeSimType.h">
      <Filter>Header Files</Filter>
    </ClInclude>
    <ClInclude Include="Overlays\ur-counter\URCounterConfig.h">
      <Filter>Header Files</Filter>
    </ClInclude>
    <ClInclude Include="Overlays\ur-counter\URCounterOverlay.h">
      <Filter>Header Files</Filter>
    </ClInclude>
    <ClInclude Include="Overlays\ur-counter\URCounterOverlayComponent.h">
      <Filter>Header Files</Filter>
    </ClInclude>
    <ClInclude Include="Overlays\ur-counter\URCounterSetupComponent.h">
      <Filter>Header Files</Filter>
    </ClInclude>
    <ClInclude Include="notification\NotificationDisplayComponent.h">
      <Filter>Header Files</Filter>
    </ClInclude>
    <ClInclude Include="notification\NotificationInfo.h">
      <Filter>Header Files</Filter>
    </ClInclude>
    <ClInclude Include="notification\NotificationService.h">
      <Filter>Header Files</Filter>
    </ClInclude>
    <ClInclude Include="notification\StandardNotificationTemplate.h">
      <Filter>Header Files</Filter>
    </ClInclude>
    <ClInclude Include="OsuDataProvider\DataProviderView.h">
      <Filter>Header Files</Filter>
    </ClInclude>
    <ClInclude Include="OsuWebApi\Response\BeatmapUserScore.h">
      <Filter>Header Files</Filter>
    </ClInclude>
    <ClInclude Include="OsuWebApi\Response\LeaderboardPage.h">
      <Filter>Header Files</Filter>
    </ClInclude>
    <ClInclude Include="OsuWebApi\Response\PlayerData.h">
      <Filter>Header Files</Filter>
    </ClInclude>
    <ClInclude Include="OsuWebApi\Response\User.h">
      <Filter>Header Files</Filter>
    </ClInclude>
    <ClInclude Include="OsuWebApi\Response\WebResponse.h">
      <Filter>Header Files</Filter>
    </ClInclude>
    <ClInclude Include="OsuWebApi\WebApi.h">
      <Filter>Header Files</Filter>
    </ClInclude>
    <ClInclude Include="OsuWebApi\WebApiConfig.h">
      <Filter>Header Files</Filter>
    </ClInclude>
    <ClInclude Include="Settings\IntegrationSettingsPanel.h">
      <Filter>Header Files</Filter>
    </ClInclude>
    <ClInclude Include="Settings\IntegrationSettingsTabOptions.h">
      <Filter>Header Files</Filter>
    </ClInclude>
    <ClInclude Include="Settings\OverlaySettingsPanel.h">
      <Filter>Header Files</Filter>
    </ClInclude>
    <ClInclude Include="Settings\SettingsConfig.h">
      <Filter>Header Files</Filter>
    </ClInclude>
    <ClInclude Include="Settings\SettingsScene.h">
      <Filter>Header Files</Filter>
    </ClInclude>
    <ClInclude Include="Settings\SettingsTab.h">
      <Filter>Header Files</Filter>
    </ClInclude>
    <ClInclude Include="Settings\SettingsWindowController.h">
      <Filter>Header Files</Filter>
    </ClInclude>
    <ClInclude Include="Settings\UpdateSettingsPanel.h">
      <Filter>Header Files</Filter>
    </ClInclude>
    <ClInclude Include="SharedContext.h">
      <Filter>Header Files</Filter>
    </ClInclude>
    <ClInclude Include="versioning\UpdateErrorScene.h">
      <Filter>Header Files</Filter>
    </ClInclude>
    <ClInclude Include="versioning\Version.h">
      <Filter>Header Files</Filter>
    </ClInclude>
    <ClInclude Include="versioning\VersionManager.h">
      <Filter>Header Files</Filter>
    </ClInclude>
    <ClInclude Include="UICore\WindowEvent.h">
      <Filter>Header Files</Filter>
    </ClInclude>
    <ClInclude Include="UICore\Fonts\Common.h">
      <Filter>Header Files</Filter>
    </ClInclude>
    <ClInclude Include="UICore\Fonts\FontLoader.h">
      <Filter>Header Files</Filter>
    </ClInclude>
    <ClInclude Include="UICore\Model\Bitmap.h">
      <Filter>Header Files</Filter>
    </ClInclude>
    <ClInclude Include="UICore\Model\Color.h">
      <Filter>Header Files</Filter>
    </ClInclude>
    <ClInclude Include="UICore\Model\Ellipse.h">
      <Filter>Header Files</Filter>
    </ClInclude>
    <ClInclude Include="UICore\Model\LinearGradient.h">
      <Filter>Header Files</Filter>
    </ClInclude>
    <ClInclude Include="UICore\Model\StrokeStyle.h">
      <Filter>Header Files</Filter>
    </ClInclude>
    <ClInclude Include="UICore\Window\BitmapAllocator.h">
      <Filter>Header Files</Filter>
    </ClInclude>
    <ClInclude Include="UICore\Window\DirectX.h">
      <Filter>Header Files</Filter>
    </ClInclude>
    <ClInclude Include="UICore\Window\Effects.h">
      <Filter>Header Files</Filter>
    </ClInclude>
    <ClInclude Include="UICore\Window\SegmentedBitmapAllocator.h">
      <Filter>Header Files</Filter>
    </ClInclude>
    <ClInclude Include="UICore\Window\Text.h">
      <Filter>Header Files</Filter>
    </ClInclude>
    <ClInclude Include="UICore\Window\TextRenderContext.h">
      <Filter>Header Files</Filter>
    </ClInclude>
    <ClInclude Include="UICore\Scenes\ColorSelectorScene.h">
      <Filter>Header Files</Filter>
    </ClInclude>
    <ClInclude Include="UICore\Scenes\DebugWindowScene.h">
      <Filter>Header Files</Filter>
    </ClInclude>
    <ClInclude Include="UICore\Components\Base\ColorSelector.h">
      <Filter>Header Files</Filter>
    </ClInclude>
    <ClInclude Include="UICore\Components\Base\DropdownSelector.h">
      <Filter>Header Files</Filter>
    </ClInclude>
    <ClInclude Include="UICore\Components\Custom\ColorSliderInputGroup.h">
      <Filter>Header Files</Filter>
    </ClInclude>
    <ClInclude Include="UICore\Helper\Value.h">
      <Filter>Header Files</Filter>
    </ClInclude>
    <ClInclude Include="UICore\Helper\ValueProxy.h">
      <Filter>Header Files</Filter>
    </ClInclude>
    <ClInclude Include="UICore\Helper\WindowView.h">
      <Filter>Header Files</Filter>
    </ClInclude>
    <ClInclude Include="Shared\Components\OverlayLayoutSetup.h">
      <Filter>Header Files</Filter>
    </ClInclude>
    <ClInclude Include="Shared\Scenes\TitleBarScene.h">
      <Filter>Header Files</Filter>
    </ClInclude>
    <ClInclude Include="Shared\Util\Eigen.h">
      <Filter>Header Files</Filter>
    </ClInclude>
    <ClInclude Include="Shared\Util\Http.h">
      <Filter>Header Files</Filter>
    </ClInclude>
    <ClInclude Include="Shared\Util\httplib.h">
      <Filter>Header Files</Filter>
    </ClInclude>
    <ClInclude Include="Shared\Util\JsonParser.h">
      <Filter>Header Files</Filter>
    </ClInclude>
    <ClInclude Include="Shared\Util\ProcessRunner.h">
      <Filter>Header Files</Filter>
    </ClInclude>
    <ClInclude Include="Shared\Util\base64.h">
      <Filter>Header Files</Filter>
    </ClInclude>
    <ClInclude Include="system\GPUDetector.h">
      <Filter>Header Files</Filter>
    </ClInclude>
    <ClInclude Include="Shared\Components\CursorSensitivityConfig.h">
      <Filter>Header Files</Filter>
    </ClInclude>
    <ClInclude Include="Shared\Components\CursorSensitivitySetup.h">
      <Filter>Header Files</Filter>
    </ClInclude>
  </ItemGroup>
</Project>