<?xml version="1.0" encoding="utf-8"?>
<Project ToolsVersion="4.0" xmlns="http://schemas.microsoft.com/developer/msbuild/2003">
  <ItemGroup>
    <Filter Include="Source Files">
      <UniqueIdentifier>{4FC737F1-C7A5-4376-A066-2A32D752A2FF}</UniqueIdentifier>
      <Extensions>cpp;c;cc;cxx;c++;cppm;ixx;def;odl;idl;hpj;bat;asm;asmx</Extensions>
    </Filter>
    <Filter Include="Header Files">
      <UniqueIdentifier>{93995380-89BD-4b04-88EB-625FBE52EBFB}</UniqueIdentifier>
      <Extensions>h;hh;hpp;hxx;h++;hm;inl;inc;ipp;xsd</Extensions>
    </Filter>
    <Filter Include="Resource Files">
      <UniqueIdentifier>{67DA6AB6-F800-4c08-8B7A-83BB121AAD01}</UniqueIdentifier>
      <Extensions>rc;ico;cur;bmp;dlg;rc2;rct;bin;rgs;gif;jpg;jpeg;jpe;resx;tiff;tif;png;wav;mfcribbon-ms</Extensions>
    </Filter>
  </ItemGroup>
  <ItemGroup>
    <ClCompile Include="osu! overlay.cpp">
      <Filter>Source Files</Filter>
    </ClCompile>
    <ClCompile Include="UICore\Components\Base\Button.cpp">
      <Filter>Source Files</Filter>
    </ClCompile>
    <ClCompile Include="UICore\Components\Base\Checkbox.cpp">
      <Filter>Source Files</Filter>
    </ClCompile>
    <ClCompile Include="UICore\Components\Base\ComponentBase.cpp">
      <Filter>Source Files</Filter>
    </ClCompile>
    <ClCompile Include="UICore\Components\Base\Label.cpp">
      <Filter>Source Files</Filter>
    </ClCompile>
    <ClCompile Include="UICore\Components\Base\MenuItem.cpp">
      <Filter>Source Files</Filter>
    </ClCompile>
    <ClCompile Include="UICore\Components\Base\MenuPanel.cpp">
      <Filter>Source Files</Filter>
    </ClCompile>
    <ClCompile Include="UICore\Components\Base\TextInput.cpp">
      <Filter>Source Files</Filter>
    </ClCompile>
    <ClCompile Include="UICore\D2DEffects\TintEffect.cpp">
      <Filter>Source Files</Filter>
    </ClCompile>
    <ClCompile Include="UICore\Helper\ResourceManager.cpp">
      <Filter>Source Files</Filter>
    </ClCompile>
    <ClCompile Include="UICore\Helper\StringHelper.cpp">
      <Filter>Source Files</Filter>
    </ClCompile>
    <ClCompile Include="UICore\Helper\Time.cpp">
      <Filter>Source Files</Filter>
    </ClCompile>
    <ClCompile Include="UICore\Scenes\ContextMenuScene.cpp">
      <Filter>Source Files</Filter>
    </ClCompile>
    <ClCompile Include="UICore\Scenes\DefaultNonClientAreaScene.cpp">
      <Filter>Source Files</Filter>
    </ClCompile>
    <ClCompile Include="UICore\Scenes\DefaultTitleBarScene.cpp">
      <Filter>Source Files</Filter>
    </ClCompile>
    <ClCompile Include="UICore\Scenes\EntryScene.cpp">
      <Filter>Source Files</Filter>
    </ClCompile>
    <ClCompile Include="UICore\Scenes\Scene.cpp">
      <Filter>Source Files</Filter>
    </ClCompile>
    <ClCompile Include="UICore\Scenes\TestScene.cpp">
      <Filter>Source Files</Filter>
    </ClCompile>
    <ClCompile Include="UICore\Scenes\TooltipScene.cpp">
      <Filter>Source Files</Filter>
    </ClCompile>
    <ClCompile Include="UICore\Window\DisplayWindow.cpp">
      <Filter>Source Files</Filter>
    </ClCompile>
    <ClCompile Include="UICore\Window\Window.cpp">
      <Filter>Source Files</Filter>
    </ClCompile>
    <ClCompile Include="UICore\Window\WindowBackend.cpp">
      <Filter>Source Files</Filter>
    </ClCompile>
    <ClCompile Include="UICore\Window\WindowGraphics.cpp">
      <Filter>Source Files</Filter>
    </ClCompile>
    <ClCompile Include="UICore\App.cpp">
      <Filter>Source Files</Filter>
    </ClCompile>
    <ClCompile Include="SmokeSim\SmokeSimScene.cpp">
      <Filter>Source Files</Filter>
    </ClCompile>
    <ClCompile Include="Shared\Util\Functions.cpp">
      <Filter>Source Files</Filter>
    </ClCompile>
    <ClCompile Include="Shared\Util\Navigation.cpp">
      <Filter>Source Files</Filter>
    </ClCompile>
    <ClCompile Include="Shared\Options.cpp">
      <Filter>Source Files</Filter>
    </ClCompile>
    <ClCompile Include="SmokeSim\SmokeSimParameterPanel.cpp">
      <Filter>Source Files</Filter>
    </ClCompile>
    <ClCompile Include="UICore\Components\Base\FlexPanel.cpp">
      <Filter>Source Files</Filter>
    </ClCompile>
    <ClCompile Include="UICore\Components\Base\NumberInput.cpp">
      <Filter>Source Files</Filter>
    </ClCompile>
    <ClCompile Include="UICore\Components\Base\ScrollPanel.cpp">
      <Filter>Source Files</Filter>
    </ClCompile>
    <ClCompile Include="UICore\Components\Base\KeySelector.cpp">
      <Filter>Source Files</Filter>
    </ClCompile>
    <ClCompile Include="UICore\Components\Base\Slider.cpp">
      <Filter>Source Files</Filter>
    </ClCompile>
    <ClCompile Include="SmokeSim\ColorSelectorScene.cpp">
      <Filter>Source Files</Filter>
    </ClCompile>
  </ItemGroup>
  <ItemGroup>
    <ClInclude Include="UICore\Components\Base\Button.h">
      <Filter>Header Files</Filter>
    </ClInclude>
    <ClInclude Include="UICore\Components\Base\Canvas.h">
      <Filter>Header Files</Filter>
    </ClInclude>
    <ClInclude Include="UICore\Components\Base\Checkbox.h">
      <Filter>Header Files</Filter>
    </ClInclude>
    <ClInclude Include="UICore\Components\Base\ComponentBase.h">
      <Filter>Header Files</Filter>
    </ClInclude>
    <ClInclude Include="UICore\Components\Base\Dummy.h">
      <Filter>Header Files</Filter>
    </ClInclude>
    <ClInclude Include="UICore\Components\Base\Image.h">
      <Filter>Header Files</Filter>
    </ClInclude>
    <ClInclude Include="UICore\Components\Base\Label.h">
      <Filter>Header Files</Filter>
    </ClInclude>
    <ClInclude Include="UICore\Components\Base\MenuItem.h">
      <Filter>Header Files</Filter>
    </ClInclude>
    <ClInclude Include="UICore\Components\Base\MenuPanel.h">
      <Filter>Header Files</Filter>
    </ClInclude>
    <ClInclude Include="UICore\Components\Base\MenuTemplate.h">
      <Filter>Header Files</Filter>
    </ClInclude>
    <ClInclude Include="UICore\Components\Base\NumberInput.h">
      <Filter>Header Files</Filter>
    </ClInclude>
    <ClInclude Include="UICore\Components\Base\Panel.h">
      <Filter>Header Files</Filter>
    </ClInclude>
    <ClInclude Include="UICore\Components\Base\TextInput.h">
      <Filter>Header Files</Filter>
    </ClInclude>
    <ClInclude Include="UICore\Components\Custom\DitheredBackground.h">
      <Filter>Header Files</Filter>
    </ClInclude>
    <ClInclude Include="UICore\Components\ComHelper.h">
      <Filter>Header Files</Filter>
    </ClInclude>
    <ClInclude Include="UICore\D2DEffects\TintEffect.h">
      <Filter>Header Files</Filter>
    </ClInclude>
    <ClInclude Include="UICore\Helper\decimal.h">
      <Filter>Header Files</Filter>
    </ClInclude>
    <ClInclude Include="UICore\Helper\EventEmitter.h">
      <Filter>Header Files</Filter>
    </ClInclude>
    <ClInclude Include="UICore\Helper\EventSubscription.h">
      <Filter>Header Files</Filter>
    </ClInclude>
    <ClInclude Include="UICore\Helper\Handle.h">
      <Filter>Header Files</Filter>
    </ClInclude>
    <ClInclude Include="UICore\Helper\MiscUtils.h">
      <Filter>Header Files</Filter>
    </ClInclude>
    <ClInclude Include="UICore\Helper\ResourceManager.h">
      <Filter>Header Files</Filter>
    </ClInclude>
    <ClInclude Include="UICore\Helper\StringHelper.h">
      <Filter>Header Files</Filter>
    </ClInclude>
    <ClInclude Include="UICore\Helper\Time.h">
      <Filter>Header Files</Filter>
    </ClInclude>
    <ClInclude Include="UICore\Scenes\ContextMenuScene.h">
      <Filter>Header Files</Filter>
    </ClInclude>
    <ClInclude Include="UICore\Scenes\DefaultNonClientAreaScene.h">
      <Filter>Header Files</Filter>
    </ClInclude>
    <ClInclude Include="UICore\Scenes\DefaultTitleBarScene.h">
      <Filter>Header Files</Filter>
    </ClInclude>
    <ClInclude Include="UICore\Scenes\EntryScene.h">
      <Filter>Header Files</Filter>
    </ClInclude>
    <ClInclude Include="UICore\Scenes\Scene.h">
      <Filter>Header Files</Filter>
    </ClInclude>
    <ClInclude Include="UICore\Scenes\TestScene.h">
      <Filter>Header Files</Filter>
    </ClInclude>
    <ClInclude Include="UICore\Scenes\TooltipParams.h">
      <Filter>Header Files</Filter>
    </ClInclude>
    <ClInclude Include="UICore\Scenes\TooltipScene.h">
      <Filter>Header Files</Filter>
    </ClInclude>
    <ClInclude Include="UICore\Window\CursorIcon.h">
      <Filter>Header Files</Filter>
    </ClInclude>
    <ClInclude Include="UICore\Window\DisplayWindow.h">
      <Filter>Header Files</Filter>
    </ClInclude>
    <ClInclude Include="UICore\Window\DragDropEventHandler.h">
      <Filter>Header Files</Filter>
    </ClInclude>
    <ClInclude Include="UICore\Window\FileDropHandler.h">
      <Filter>Header Files</Filter>
    </ClInclude>
    <ClInclude Include="UICore\Window\GdiInclude.h">
      <Filter>Header Files</Filter>
    </ClInclude>
    <ClInclude Include="UICore\Window\Graphics.h">
      <Filter>Header Files</Filter>
    </ClInclude>
    <ClInclude Include="UICore\Window\KeyboardEventHandler.h">
      <Filter>Header Files</Filter>
    </ClInclude>
    <ClInclude Include="UICore\Window\KeyboardManager.h">
      <Filter>Header Files</Filter>
    </ClInclude>
    <ClInclude Include="UICore\Window\MouseEventHandler.h">
      <Filter>Header Files</Filter>
    </ClInclude>
    <ClInclude Include="UICore\Window\MouseManager.h">
      <Filter>Header Files</Filter>
    </ClInclude>
    <ClInclude Include="UICore\Window\Window.h">
      <Filter>Header Files</Filter>
    </ClInclude>
    <ClInclude Include="UICore\Window\WindowBackend.h">
      <Filter>Header Files</Filter>
    </ClInclude>
    <ClInclude Include="UICore\Window\WindowDisplayType.h">
      <Filter>Header Files</Filter>
    </ClInclude>
    <ClInclude Include="UICore\Window\WindowGraphics.h">
      <Filter>Header Files</Filter>
    </ClInclude>
    <ClInclude Include="UICore\Window\WindowId.h">
      <Filter>Header Files</Filter>
    </ClInclude>
    <ClInclude Include="UICore\Window\WindowMessage.h">
      <Filter>Header Files</Filter>
    </ClInclude>
    <ClInclude Include="UICore\Window\WindowProperties.h">
      <Filter>Header Files</Filter>
    </ClInclude>
    <ClInclude Include="UICore\Window\WindowsEx.h">
      <Filter>Header Files</Filter>
    </ClInclude>
    <ClInclude Include="UICore\Window\WindowType.h">
      <Filter>Header Files</Filter>
    </ClInclude>
    <ClInclude Include="UICore\App.h">
      <Filter>Header Files</Filter>
    </ClInclude>
    <ClInclude Include="SmokeSim\SmokeSimScene.h">
      <Filter>Header Files</Filter>
    </ClInclude>
    <ClInclude Include="Shared\Util\ThreadPool.h">
      <Filter>Header Files</Filter>
    </ClInclude>
    <ClInclude Include="Shared\Util\Functions.h">
      <Filter>Header Files</Filter>
    </ClInclude>
    <ClInclude Include="Shared\Util\Navigation.h">
      <Filter>Header Files</Filter>
    </ClInclude>
    <ClInclude Include="Shared\Util\Constants.h">
      <Filter>Header Files</Filter>
    </ClInclude>
    <ClInclude Include="Shared\Options.h">
      <Filter>Header Files</Filter>
    </ClInclude>
    <ClInclude Include="Shared\Util\ValueOrDefault.h">
      <Filter>Header Files</Filter>
    </ClInclude>
    <ClInclude Include="SmokeSim\SmokeSimParameterPanel.h">
      <Filter>Header Files</Filter>
    </ClInclude>
    <ClInclude Include="SmokeSim\SmokeSimType.h">
      <Filter>Header Files</Filter>
    </ClInclude>
    <ClInclude Include="UICore\Components\Base\FlexPanel.h">
      <Filter>Header Files</Filter>
    </ClInclude>
    <ClInclude Include="UICore\Components\Base\ScrollPanel.h">
      <Filter>Header Files</Filter>
    </ClInclude>
    <ClInclude Include="UICore\Components\Base\Dummy.h">
      <Filter>Header Files</Filter>
    </ClInclude>
    <ClInclude Include="UICore\Components\Base\KeySelector.h">
      <Filter>Header Files</Filter>
    </ClInclude>
    <ClInclude Include="UICore\Components\Base\Slider.h">
      <Filter>Header Files</Filter>
    </ClInclude>
    <ClInclude Include="UICore\Helper\BinarySearchIterator.h">
      <Filter>Header Files</Filter>
    </ClInclude>
    <ClInclude Include="Shared\Util\Color.h">
      <Filter>Header Files</Filter>
    </ClInclude>
    <ClInclude Include="SmokeSim\ColorSelectorScene.h">
      <Filter>Header Files</Filter>
    </ClInclude>
  </ItemGroup>
</Project>